
Microsoft Visual Studio Solution File, Format Version 12.00
# Visual Studio Version 16
VisualStudioVersion = 16.0.29111.141
MinimumVisualStudioVersion = 10.0.40219.1
Project("{FAE04EC0-301F-11D3-BF4B-00C04F79EFBC}") = "BodySnifferProxy", "BodySnifferProxy\BodySnifferProxy.csproj", "{DE23F304-55E3-4C64-ACF4-0F20BC1F06E1}"
EndProject
Global
	GlobalSection(SolutionConfigurationPlatforms) = preSolution
		Debug|Any CPU = Debug|Any CPU
		Release|Any CPU = Release|Any CPU
	EndGlobalSection
	GlobalSection(ProjectConfigurationPlatforms) = postSolution
		{DE23F304-55E3-4C64-ACF4-0F20BC1F06E1}.Debug|Any CPU.ActiveCfg = Debug|Any CPU
		{DE23F304-55E3-4C64-ACF4-0F20BC1F06E1}.Debug|Any CPU.Build.0 = Debug|Any CPU
		{DE23F304-55E3-4C64-ACF4-0F20BC1F06E1}.Release|Any CPU.ActiveCfg = Release|Any CPU
		{DE23F304-55E3-4C64-ACF4-0F20BC1F06E1}.Release|Any CPU.Build.0 = Release|Any CPU
	EndGlobalSection
	GlobalSection(SolutionProperties) = preSolution
		HideSolutionNode = FALSE
	EndGlobalSection
	GlobalSection(ExtensibilityGlobals) = postSolution
		SolutionGuid = {1B84A727-E1B4-4FDD-9150-C61B959E5BB9}
	EndGlobalSection
EndGlobal
